
Microsoft Visual Studio Solution File, Format Version 12.00
# Visual Studio Version 16
VisualStudioVersion = 16.0.32228.343
MinimumVisualStudioVersion = 10.0.40219.1
Project("{FAE04EC0-301F-11D3-BF4B-00C04F79EFBC}") = "CarParkingManagement", "CarParkingManagement\CarParkingManagement.csproj", "{B8596E73-F87B-417D-8759-9395D01B7C1C}"
EndProject
Global
	GlobalSection(SolutionConfigurationPlatforms) = preSolution
		Debug|Any CPU = Debug|Any CPU
		Release|Any CPU = Release|Any CPU
	EndGlobalSection
	GlobalSection(ProjectConfigurationPlatforms) = postSolution
		{B8596E73-F87B-417D-8759-9395D01B7C1C}.Debug|Any CPU.ActiveCfg = Debug|Any CPU
		{B8596E73-F87B-417D-8759-9395D01B7C1C}.Debug|Any CPU.Build.0 = Debug|Any CPU
		{B8596E73-F87B-417D-8759-9395D01B7C1C}.Release|Any CPU.ActiveCfg = Release|Any CPU
		{B8596E73-F87B-417D-8759-9395D01B7C1C}.Release|Any CPU.Build.0 = Release|Any CPU
	EndGlobalSection
	GlobalSection(SolutionProperties) = preSolution
		HideSolutionNode = FALSE
	EndGlobalSection
	GlobalSection(ExtensibilityGlobals) = postSolution
		SolutionGuid = {83B5A92E-18D0-41F5-8E17-A81B31F2C66A}
	EndGlobalSection
EndGlobal
