
Microsoft Visual Studio Solution File, Format Version 12.00
# Visual Studio Version 17
VisualStudioVersion = 17.1.32407.343
MinimumVisualStudioVersion = 10.0.40219.1
Project("{FAE04EC0-301F-11D3-BF4B-00C04F79EFBC}") = "PresentationLayer", "PresentationLayer\PresentationLayer.csproj", "{248AC07F-B0B0-4185-8FAB-FAE5C885E9E6}"
EndProject
Project("{FAE04EC0-301F-11D3-BF4B-00C04F79EFBC}") = "DataAccessLayer", "DataAccessLayer\DataAccessLayer.csproj", "{856E2C24-8FA0-420D-BD86-626EDC8BDA89}"
EndProject
Project("{FAE04EC0-301F-11D3-BF4B-00C04F79EFBC}") = "DataLayer", "DataLayer\DataLayer.csproj", "{59F5FE0A-FF8B-4EFF-8575-30C430FE7CED}"
EndProject
Global
	GlobalSection(SolutionConfigurationPlatforms) = preSolution
		Debug|Any CPU = Debug|Any CPU
		Release|Any CPU = Release|Any CPU
	EndGlobalSection
	GlobalSection(ProjectConfigurationPlatforms) = postSolution
		{248AC07F-B0B0-4185-8FAB-FAE5C885E9E6}.Debug|Any CPU.ActiveCfg = Debug|Any CPU
		{248AC07F-B0B0-4185-8FAB-FAE5C885E9E6}.Debug|Any CPU.Build.0 = Debug|Any CPU
		{248AC07F-B0B0-4185-8FAB-FAE5C885E9E6}.Release|Any CPU.ActiveCfg = Release|Any CPU
		{248AC07F-B0B0-4185-8FAB-FAE5C885E9E6}.Release|Any CPU.Build.0 = Release|Any CPU
		{856E2C24-8FA0-420D-BD86-626EDC8BDA89}.Debug|Any CPU.ActiveCfg = Debug|Any CPU
		{856E2C24-8FA0-420D-BD86-626EDC8BDA89}.Debug|Any CPU.Build.0 = Debug|Any CPU
		{856E2C24-8FA0-420D-BD86-626EDC8BDA89}.Release|Any CPU.ActiveCfg = Release|Any CPU
		{856E2C24-8FA0-420D-BD86-626EDC8BDA89}.Release|Any CPU.Build.0 = Release|Any CPU
		{59F5FE0A-FF8B-4EFF-8575-30C430FE7CED}.Debug|Any CPU.ActiveCfg = Debug|Any CPU
		{59F5FE0A-FF8B-4EFF-8575-30C430FE7CED}.Debug|Any CPU.Build.0 = Debug|Any CPU
		{59F5FE0A-FF8B-4EFF-8575-30C430FE7CED}.Release|Any CPU.ActiveCfg = Release|Any CPU
		{59F5FE0A-FF8B-4EFF-8575-30C430FE7CED}.Release|Any CPU.Build.0 = Release|Any CPU
	EndGlobalSection
	GlobalSection(SolutionProperties) = preSolution
		HideSolutionNode = FALSE
	EndGlobalSection
	GlobalSection(ExtensibilityGlobals) = postSolution
		SolutionGuid = {83B5A92E-18D0-41F5-8E17-A81B31F2C66A}
	EndGlobalSection
EndGlobal
